
Microsoft Visual Studio Solution File, Format Version 12.00
# Visual Studio Version 17
VisualStudioVersion = 17.7.34031.279
MinimumVisualStudioVersion = 10.0.40219.1
Project("{FAE04EC0-301F-11D3-BF4B-00C04F79EFBC}") = "Api-admin", "Api-admin\Api-admin.csproj", "{677F85E3-1455-4AE9-A1D0-DD812C9C4DD9}"
EndProject
Project("{FAE04EC0-301F-11D3-BF4B-00C04F79EFBC}") = "BLL", "BLL\BLL.csproj", "{59E417F6-BA7D-4BB0-95A8-BBDC63789D09}"
EndProject
Project("{FAE04EC0-301F-11D3-BF4B-00C04F79EFBC}") = "MODELS", "MODELS\MODELS.csproj", "{32F0A1CB-80D8-44A4-A7B8-5E1DA267C2D3}"
EndProject
Project("{9A19103F-16F7-4668-BE54-9A1E7A4F7556}") = "DataAccessLayer", "DataAccessLayer\DataAccessLayer.csproj", "{976CBBF3-C1C0-4488-A5A8-0FBA1D03C95E}"
EndProject
Global
	GlobalSection(SolutionConfigurationPlatforms) = preSolution
		Debug|Any CPU = Debug|Any CPU
		Release|Any CPU = Release|Any CPU
	EndGlobalSection
	GlobalSection(ProjectConfigurationPlatforms) = postSolution
		{677F85E3-1455-4AE9-A1D0-DD812C9C4DD9}.Debug|Any CPU.ActiveCfg = Debug|Any CPU
		{677F85E3-1455-4AE9-A1D0-DD812C9C4DD9}.Debug|Any CPU.Build.0 = Debug|Any CPU
		{677F85E3-1455-4AE9-A1D0-DD812C9C4DD9}.Release|Any CPU.ActiveCfg = Release|Any CPU
		{677F85E3-1455-4AE9-A1D0-DD812C9C4DD9}.Release|Any CPU.Build.0 = Release|Any CPU
		{59E417F6-BA7D-4BB0-95A8-BBDC63789D09}.Debug|Any CPU.ActiveCfg = Debug|Any CPU
		{59E417F6-BA7D-4BB0-95A8-BBDC63789D09}.Debug|Any CPU.Build.0 = Debug|Any CPU
		{59E417F6-BA7D-4BB0-95A8-BBDC63789D09}.Release|Any CPU.ActiveCfg = Release|Any CPU
		{59E417F6-BA7D-4BB0-95A8-BBDC63789D09}.Release|Any CPU.Build.0 = Release|Any CPU
		{32F0A1CB-80D8-44A4-A7B8-5E1DA267C2D3}.Debug|Any CPU.ActiveCfg = Debug|Any CPU
		{32F0A1CB-80D8-44A4-A7B8-5E1DA267C2D3}.Debug|Any CPU.Build.0 = Debug|Any CPU
		{32F0A1CB-80D8-44A4-A7B8-5E1DA267C2D3}.Release|Any CPU.ActiveCfg = Release|Any CPU
		{32F0A1CB-80D8-44A4-A7B8-5E1DA267C2D3}.Release|Any CPU.Build.0 = Release|Any CPU
		{976CBBF3-C1C0-4488-A5A8-0FBA1D03C95E}.Debug|Any CPU.ActiveCfg = Debug|Any CPU
		{976CBBF3-C1C0-4488-A5A8-0FBA1D03C95E}.Debug|Any CPU.Build.0 = Debug|Any CPU
		{976CBBF3-C1C0-4488-A5A8-0FBA1D03C95E}.Release|Any CPU.ActiveCfg = Release|Any CPU
		{976CBBF3-C1C0-4488-A5A8-0FBA1D03C95E}.Release|Any CPU.Build.0 = Release|Any CPU
	EndGlobalSection
	GlobalSection(SolutionProperties) = preSolution
		HideSolutionNode = FALSE
	EndGlobalSection
	GlobalSection(ExtensibilityGlobals) = postSolution
		SolutionGuid = {49306DC4-F6D3-418D-8D71-FF63ACB999CD}
	EndGlobalSection
EndGlobal
